
Microsoft Visual Studio Solution File, Format Version 12.00
# Visual Studio Version 16
VisualStudioVersion = 16.0.31515.178
MinimumVisualStudioVersion = 10.0.40219.1
Project("{FAE04EC0-301F-11D3-BF4B-00C04F79EFBC}") = "EmployeeData", "EmployeeData\EmployeeData.csproj", "{A2C95A77-D717-4E16-ADD8-BBF27B182D91}"
EndProject
Project("{FAE04EC0-301F-11D3-BF4B-00C04F79EFBC}") = "EmployeeData.UnitTests", "EmployeeData.UnitTests\EmployeeData.UnitTests.csproj", "{8160743F-E4F2-4762-B107-826B256303BE}"
EndProject
Global
	GlobalSection(SolutionConfigurationPlatforms) = preSolution
		Debug|Any CPU = Debug|Any CPU
		Release|Any CPU = Release|Any CPU
	EndGlobalSection
	GlobalSection(ProjectConfigurationPlatforms) = postSolution
		{A2C95A77-D717-4E16-ADD8-BBF27B182D91}.Debug|Any CPU.ActiveCfg = Debug|Any CPU
		{A2C95A77-D717-4E16-ADD8-BBF27B182D91}.Debug|Any CPU.Build.0 = Debug|Any CPU
		{A2C95A77-D717-4E16-ADD8-BBF27B182D91}.Release|Any CPU.ActiveCfg = Release|Any CPU
		{A2C95A77-D717-4E16-ADD8-BBF27B182D91}.Release|Any CPU.Build.0 = Release|Any CPU
		{8160743F-E4F2-4762-B107-826B256303BE}.Debug|Any CPU.ActiveCfg = Debug|Any CPU
		{8160743F-E4F2-4762-B107-826B256303BE}.Debug|Any CPU.Build.0 = Debug|Any CPU
		{8160743F-E4F2-4762-B107-826B256303BE}.Release|Any CPU.ActiveCfg = Release|Any CPU
		{8160743F-E4F2-4762-B107-826B256303BE}.Release|Any CPU.Build.0 = Release|Any CPU
	EndGlobalSection
	GlobalSection(SolutionProperties) = preSolution
		HideSolutionNode = FALSE
	EndGlobalSection
	GlobalSection(ExtensibilityGlobals) = postSolution
		SolutionGuid = {C7F15D18-3C86-4296-B2BA-E88A31CF8326}
	EndGlobalSection
EndGlobal
